{
  "name": "nextjs_blog",
  "version": "0.1.0",
  "lockfileVersion": 3,
  "requires": true,
  "packages": {
    "": {
      "name": "nextjs_blog",
      "version": "0.1.0",
      "dependencies": {
        "@vercel/postgres": "^0.10.0",
        "bcrypt": "^6.0.0",
        "bcryptjs": "^3.0.3",
        "dotenv": "^17.2.3",
        "mongodb": "^7.0.0",
        "next": "16.0.1",
        "next-auth": "^5.0.0-beta.30",
        "react": "19.2.0",
        "react-dom": "19.2.0"
      },
      "devDependencies": {
        "@types/bcryptjs": "^2.4.6",
        "@types/node": "^20",
        "@types/react": "^19",
        "@types/react-dom": "^19",
        "typescript": "^5"
      }
    },
    "node_modules/@auth/core": {
      "version": "0.41.0",
      "resolved": "https://registry.npmjs.org/@auth/core/-/core-0.41.0.tgz",
      "integrity": "sha512-Wd7mHPQ/8zy6Qj7f4T46vg3aoor8fskJm6g2Zyj064oQ3+p0xNZXAV60ww0hY+MbTesfu29kK14Zk5d5JTazXQ==",
      "license": "ISC",
      "dependencies": {
        "@panva/hkdf": "^1.2.1",
        "jose": "^6.0.6",
        "oauth4webapi": "^3.3.0",
        "preact": "10.24.3",
        "preact-render-to-string": "6.5.11"
      },
      "peerDependencies": {
        "@simplewebauthn/browser": "^9.0.1",
        "@simplewebauthn/server": "^9.0.2",
        "nodemailer": "^6.8.0"
      },
      "peerDependenciesMeta": {
        "@simplewebauthn/browser": {
          "optional": true
        },
        "@simplewebauthn/server": {
          "optional": true
        },
        "nodemailer": {
          "optional": true
        }
      }
    },
    "node_modules/@emnapi/runtime": {
      "version": "1.6.0",
      "resolved": "https://registry.npmjs.org/@emnapi/runtime/-/runtime-1.6.0.tgz",
      "integrity": "sha512-obtUmAHTMjll499P+D9A3axeJFlhdjOWdKUNs/U6QIGT7V5RjcUW1xToAzjvmgTSQhDbYn/NwfTRoJcQ2rNBxA==",
      "license": "MIT",
      "optional": true,
      "dependencies": {
        "tslib": "^2.4.0"
      }
    },
    "node_modules/@img/colour": {
      "version": "1.0.0",
      "resolved": "https://registry.npmjs.org/@img/colour/-/colour-1.0.0.tgz",
      "integrity": "sha512-A5P/LfWGFSl6nsckYtjw9da+19jB8hkJ6ACTGcDfEJ0aE+l2n2El7dsVM7UVHZQ9s2lmYMWlrS21YLy2IR1LUw==",
      "license": "MIT",
      "optional": true,
      "engines": {
        "node": ">=18"
      }
    },
    "node_modules/@img/sharp-darwin-arm64": {
      "version": "0.34.4",
      "resolved": "https://registry.npmjs.org/@img/sharp-darwin-arm64/-/sharp-darwin-arm64-0.34.4.tgz",
      "integrity": "sha512-sitdlPzDVyvmINUdJle3TNHl+AG9QcwiAMsXmccqsCOMZNIdW2/7S26w0LyU8euiLVzFBL3dXPwVCq/ODnf2vA==",
      "cpu": [
        "arm64"
      ],
      "license": "Apache-2.0",
      "optional": true,
      "os": [
        "darwin"
      ],
      "engines": {
        "node": "^18.17.0 || ^20.3.0 || >=21.0.0"
      },
      "funding": {
        "url": "https://opencollective.com/libvips"
      },
      "optionalDependencies": {
        "@img/sharp-libvips-darwin-arm64": "1.2.3"
      }
    },
    "node_modules/@img/sharp-darwin-x64": {
      "version": "0.34.4",
      "resolved": "https://registry.npmjs.org/@img/sharp-darwin-x64/-/sharp-darwin-x64-0.34.4.tgz",
      "integrity": "sha512-rZheupWIoa3+SOdF/IcUe1ah4ZDpKBGWcsPX6MT0lYniH9micvIU7HQkYTfrx5Xi8u+YqwLtxC/3vl8TQN6rMg==",
      "cpu": [
        "x64"
      ],
      "license": "Apache-2.0",
      "optional": true,
      "os": [
        "darwin"
      ],
      "engines": {
        "node": "^18.17.0 || ^20.3.0 || >=21.0.0"
      },
      "funding": {
        "url": "https://opencollective.com/libvips"
      },
      "optionalDependencies": {
        "@img/sharp-libvips-darwin-x64": "1.2.3"
      }
    },
    "node_modules/@img/sharp-libvips-darwin-arm64": {
      "version": "1.2.3",
      "resolved": "https://registry.npmjs.org/@img/sharp-libvips-darwin-arm64/-/sharp-libvips-darwin-arm64-1.2.3.tgz",
      "integrity": "sha512-QzWAKo7kpHxbuHqUC28DZ9pIKpSi2ts2OJnoIGI26+HMgq92ZZ4vk8iJd4XsxN+tYfNJxzH6W62X5eTcsBymHw==",
      "cpu": [
        "arm64"
      ],
      "license": "LGPL-3.0-or-later",
      "optional": true,
      "os": [
        "darwin"
      ],
      "funding": {
        "url": "https://opencollective.com/libvips"
      }
    },
    "node_modules/@img/sharp-libvips-darwin-x64": {
      "version": "1.2.3",
      "resolved": "https://registry.npmjs.org/@img/sharp-libvips-darwin-x64/-/sharp-libvips-darwin-x64-1.2.3.tgz",
      "integrity": "sha512-Ju+g2xn1E2AKO6YBhxjj+ACcsPQRHT0bhpglxcEf+3uyPY+/gL8veniKoo96335ZaPo03bdDXMv0t+BBFAbmRA==",
      "cpu": [
        "x64"
      ],
      "license": "LGPL-3.0-or-later",
      "optional": true,
      "os": [
        "darwin"
      ],
      "funding": {
        "url": "https://opencollective.com/libvips"
      }
    },
    "node_modules/@img/sharp-libvips-linux-arm": {
      "version": "1.2.3",
      "resolved": "https://registry.npmjs.org/@img/sharp-libvips-linux-arm/-/sharp-libvips-linux-arm-1.2.3.tgz",
      "integrity": "sha512-x1uE93lyP6wEwGvgAIV0gP6zmaL/a0tGzJs/BIDDG0zeBhMnuUPm7ptxGhUbcGs4okDJrk4nxgrmxpib9g6HpA==",
      "cpu": [
        "arm"
      ],
      "license": "LGPL-3.0-or-later",
      "optional": true,
      "os": [
        "linux"
      ],
      "funding": {
        "url": "https://opencollective.com/libvips"
      }
    },
    "node_modules/@img/sharp-libvips-linux-arm64": {
      "version": "1.2.3",
      "resolved": "https://registry.npmjs.org/@img/sharp-libvips-linux-arm64/-/sharp-libvips-linux-arm64-1.2.3.tgz",
      "integrity": "sha512-I4RxkXU90cpufazhGPyVujYwfIm9Nk1QDEmiIsaPwdnm013F7RIceaCc87kAH+oUB1ezqEvC6ga4m7MSlqsJvQ==",
      "cpu": [
        "arm64"
      ],
      "license": "LGPL-3.0-or-later",
      "optional": true,
      "os": [
        "linux"
      ],
      "funding": {
        "url": "https://opencollective.com/libvips"
      }
    },
    "node_modules/@img/sharp-libvips-linux-ppc64": {
      "version": "1.2.3",
      "resolved": "https://registry.npmjs.org/@img/sharp-libvips-linux-ppc64/-/sharp-libvips-linux-ppc64-1.2.3.tgz",
      "integrity": "sha512-Y2T7IsQvJLMCBM+pmPbM3bKT/yYJvVtLJGfCs4Sp95SjvnFIjynbjzsa7dY1fRJX45FTSfDksbTp6AGWudiyCg==",
      "cpu": [
        "ppc64"
      ],
      "license": "LGPL-3.0-or-later",
      "optional": true,
      "os": [
        "linux"
      ],
      "funding": {
        "url": "https://opencollective.com/libvips"
      }
    },
    "node_modules/@img/sharp-libvips-linux-s390x": {
      "version": "1.2.3",
      "resolved": "https://registry.npmjs.org/@img/sharp-libvips-linux-s390x/-/sharp-libvips-linux-s390x-1.2.3.tgz",
      "integrity": "sha512-RgWrs/gVU7f+K7P+KeHFaBAJlNkD1nIZuVXdQv6S+fNA6syCcoboNjsV2Pou7zNlVdNQoQUpQTk8SWDHUA3y/w==",
      "cpu": [
        "s390x"
      ],
      "license": "LGPL-3.0-or-later",
      "optional": true,
      "os": [
        "linux"
      ],
      "funding": {
        "url": "https://opencollective.com/libvips"
      }
    },
    "node_modules/@img/sharp-libvips-linux-x64": {
      "version": "1.2.3",
      "resolved": "https://registry.npmjs.org/@img/sharp-libvips-linux-x64/-/sharp-libvips-linux-x64-1.2.3.tgz",
      "integrity": "sha512-3JU7LmR85K6bBiRzSUc/Ff9JBVIFVvq6bomKE0e63UXGeRw2HPVEjoJke1Yx+iU4rL7/7kUjES4dZ/81Qjhyxg==",
      "cpu": [
        "x64"
      ],
      "license": "LGPL-3.0-or-later",
      "optional": true,
      "os": [
        "linux"
      ],
      "funding": {
        "url": "https://opencollective.com/libvips"
      }
    },
    "node_modules/@img/sharp-libvips-linuxmusl-arm64": {
      "version": "1.2.3",
      "resolved": "https://registry.npmjs.org/@img/sharp-libvips-linuxmusl-arm64/-/sharp-libvips-linuxmusl-arm64-1.2.3.tgz",
      "integrity": "sha512-F9q83RZ8yaCwENw1GieztSfj5msz7GGykG/BA+MOUefvER69K/ubgFHNeSyUu64amHIYKGDs4sRCMzXVj8sEyw==",
      "cpu": [
        "arm64"
      ],
      "license": "LGPL-3.0-or-later",
      "optional": true,
      "os": [
        "linux"
      ],
      "funding": {
        "url": "https://opencollective.com/libvips"
      }
    },
    "node_modules/@img/sharp-libvips-linuxmusl-x64": {
      "version": "1.2.3",
      "resolved": "https://registry.npmjs.org/@img/sharp-libvips-linuxmusl-x64/-/sharp-libvips-linuxmusl-x64-1.2.3.tgz",
      "integrity": "sha512-U5PUY5jbc45ANM6tSJpsgqmBF/VsL6LnxJmIf11kB7J5DctHgqm0SkuXzVWtIY90GnJxKnC/JT251TDnk1fu/g==",
      "cpu": [
        "x64"
      ],
      "license": "LGPL-3.0-or-later",
      "optional": true,
      "os": [
        "linux"
      ],
      "funding": {
        "url": "https://opencollective.com/libvips"
      }
    },
    "node_modules/@img/sharp-linux-arm": {
      "version": "0.34.4",
      "resolved": "https://registry.npmjs.org/@img/sharp-linux-arm/-/sharp-linux-arm-0.34.4.tgz",
      "integrity": "sha512-Xyam4mlqM0KkTHYVSuc6wXRmM7LGN0P12li03jAnZ3EJWZqj83+hi8Y9UxZUbxsgsK1qOEwg7O0Bc0LjqQVtxA==",
      "cpu": [
        "arm"
      ],
      "license": "Apache-2.0",
      "optional": true,
      "os": [
        "linux"
      ],
      "engines": {
        "node": "^18.17.0 || ^20.3.0 || >=21.0.0"
      },
      "funding": {
        "url": "https://opencollective.com/libvips"
      },
      "optionalDependencies": {
        "@img/sharp-libvips-linux-arm": "1.2.3"
      }
    },
    "node_modules/@img/sharp-linux-arm64": {
      "version": "0.34.4",
      "resolved": "https://registry.npmjs.org/@img/sharp-linux-arm64/-/sharp-linux-arm64-0.34.4.tgz",
      "integrity": "sha512-YXU1F/mN/Wu786tl72CyJjP/Ngl8mGHN1hST4BGl+hiW5jhCnV2uRVTNOcaYPs73NeT/H8Upm3y9582JVuZHrQ==",
      "cpu": [
        "arm64"
      ],
      "license": "Apache-2.0",
      "optional": true,
      "os": [
        "linux"
      ],
      "engines": {
        "node": "^18.17.0 || ^20.3.0 || >=21.0.0"
      },
      "funding": {
        "url": "https://opencollective.com/libvips"
      },
      "optionalDependencies": {
        "@img/sharp-libvips-linux-arm64": "1.2.3"
      }
    },
    "node_modules/@img/sharp-linux-ppc64": {
      "version": "0.34.4",
      "resolved": "https://registry.npmjs.org/@img/sharp-linux-ppc64/-/sharp-linux-ppc64-0.34.4.tgz",
      "integrity": "sha512-F4PDtF4Cy8L8hXA2p3TO6s4aDt93v+LKmpcYFLAVdkkD3hSxZzee0rh6/+94FpAynsuMpLX5h+LRsSG3rIciUQ==",
      "cpu": [
        "ppc64"
      ],
      "license": "Apache-2.0",
      "optional": true,
      "os": [
        "linux"
      ],
      "engines": {
        "node": "^18.17.0 || ^20.3.0 || >=21.0.0"
      },
      "funding": {
        "url": "https://opencollective.com/libvips"
      },
      "optionalDependencies": {
        "@img/sharp-libvips-linux-ppc64": "1.2.3"
      }
    },
    "node_modules/@img/sharp-linux-s390x": {
      "version": "0.34.4",
      "resolved": "https://registry.npmjs.org/@img/sharp-linux-s390x/-/sharp-linux-s390x-0.34.4.tgz",
      "integrity": "sha512-qVrZKE9Bsnzy+myf7lFKvng6bQzhNUAYcVORq2P7bDlvmF6u2sCmK2KyEQEBdYk+u3T01pVsPrkj943T1aJAsw==",
      "cpu": [
        "s390x"
      ],
      "license": "Apache-2.0",
      "optional": true,
      "os": [
        "linux"
      ],
      "engines": {
        "node": "^18.17.0 || ^20.3.0 || >=21.0.0"
      },
      "funding": {
        "url": "https://opencollective.com/libvips"
      },
      "optionalDependencies": {
        "@img/sharp-libvips-linux-s390x": "1.2.3"
      }
    },
    "node_modules/@img/sharp-linux-x64": {
      "version": "0.34.4",
      "resolved": "https://registry.npmjs.org/@img/sharp-linux-x64/-/sharp-linux-x64-0.34.4.tgz",
      "integrity": "sha512-ZfGtcp2xS51iG79c6Vhw9CWqQC8l2Ot8dygxoDoIQPTat/Ov3qAa8qpxSrtAEAJW+UjTXc4yxCjNfxm4h6Xm2A==",
      "cpu": [
        "x64"
      ],
      "license": "Apache-2.0",
      "optional": true,
      "os": [
        "linux"
      ],
      "engines": {
        "node": "^18.17.0 || ^20.3.0 || >=21.0.0"
      },
      "funding": {
        "url": "https://opencollective.com/libvips"
      },
      "optionalDependencies": {
        "@img/sharp-libvips-linux-x64": "1.2.3"
      }
    },
    "node_modules/@img/sharp-linuxmusl-arm64": {
      "version": "0.34.4",
      "resolved": "https://registry.npmjs.org/@img/sharp-linuxmusl-arm64/-/sharp-linuxmusl-arm64-0.34.4.tgz",
      "integrity": "sha512-8hDVvW9eu4yHWnjaOOR8kHVrew1iIX+MUgwxSuH2XyYeNRtLUe4VNioSqbNkB7ZYQJj9rUTT4PyRscyk2PXFKA==",
      "cpu": [
        "arm64"
      ],
      "license": "Apache-2.0",
      "optional": true,
      "os": [
        "linux"
      ],
      "engines": {
        "node": "^18.17.0 || ^20.3.0 || >=21.0.0"
      },
      "funding": {
        "url": "https://opencollective.com/libvips"
      },
      "optionalDependencies": {
        "@img/sharp-libvips-linuxmusl-arm64": "1.2.3"
      }
    },
    "node_modules/@img/sharp-linuxmusl-x64": {
      "version": "0.34.4",
      "resolved": "https://registry.npmjs.org/@img/sharp-linuxmusl-x64/-/sharp-linuxmusl-x64-0.34.4.tgz",
      "integrity": "sha512-lU0aA5L8QTlfKjpDCEFOZsTYGn3AEiO6db8W5aQDxj0nQkVrZWmN3ZP9sYKWJdtq3PWPhUNlqehWyXpYDcI9Sg==",
      "cpu": [
        "x64"
      ],
      "license": "Apache-2.0",
      "optional": true,
      "os": [
        "linux"
      ],
      "engines": {
        "node": "^18.17.0 || ^20.3.0 || >=21.0.0"
      },
      "funding": {
        "url": "https://opencollective.com/libvips"
      },
      "optionalDependencies": {
        "@img/sharp-libvips-linuxmusl-x64": "1.2.3"
      }
    },
    "node_modules/@img/sharp-wasm32": {
      "version": "0.34.4",
      "resolved": "https://registry.npmjs.org/@img/sharp-wasm32/-/sharp-wasm32-0.34.4.tgz",
      "integrity": "sha512-33QL6ZO/qpRyG7woB/HUALz28WnTMI2W1jgX3Nu2bypqLIKx/QKMILLJzJjI+SIbvXdG9fUnmrxR7vbi1sTBeA==",
      "cpu": [
        "wasm32"
      ],
      "license": "Apache-2.0 AND LGPL-3.0-or-later AND MIT",
      "optional": true,
      "dependencies": {
        "@emnapi/runtime": "^1.5.0"
      },
      "engines": {
        "node": "^18.17.0 || ^20.3.0 || >=21.0.0"
      },
      "funding": {
        "url": "https://opencollective.com/libvips"
      }
    },
    "node_modules/@img/sharp-win32-arm64": {
      "version": "0.34.4",
      "resolved": "https://registry.npmjs.org/@img/sharp-win32-arm64/-/sharp-win32-arm64-0.34.4.tgz",
      "integrity": "sha512-2Q250do/5WXTwxW3zjsEuMSv5sUU4Tq9VThWKlU2EYLm4MB7ZeMwF+SFJutldYODXF6jzc6YEOC+VfX0SZQPqA==",
      "cpu": [
        "arm64"
      ],
      "license": "Apache-2.0 AND LGPL-3.0-or-later",
      "optional": true,
      "os": [
        "win32"
      ],
      "engines": {
        "node": "^18.17.0 || ^20.3.0 || >=21.0.0"
      },
      "funding": {
        "url": "https://opencollective.com/libvips"
      }
    },
    "node_modules/@img/sharp-win32-ia32": {
      "version": "0.34.4",
      "resolved": "https://registry.npmjs.org/@img/sharp-win32-ia32/-/sharp-win32-ia32-0.34.4.tgz",
      "integrity": "sha512-3ZeLue5V82dT92CNL6rsal6I2weKw1cYu+rGKm8fOCCtJTR2gYeUfY3FqUnIJsMUPIH68oS5jmZ0NiJ508YpEw==",
      "cpu": [
        "ia32"
      ],
      "license": "Apache-2.0 AND LGPL-3.0-or-later",
      "optional": true,
      "os": [
        "win32"
      ],
      "engines": {
        "node": "^18.17.0 || ^20.3.0 || >=21.0.0"
      },
      "funding": {
        "url": "https://opencollective.com/libvips"
      }
    },
    "node_modules/@img/sharp-win32-x64": {
      "version": "0.34.4",
      "resolved": "https://registry.npmjs.org/@img/sharp-win32-x64/-/sharp-win32-x64-0.34.4.tgz",
      "integrity": "sha512-xIyj4wpYs8J18sVN3mSQjwrw7fKUqRw+Z5rnHNCy5fYTxigBz81u5mOMPmFumwjcn8+ld1ppptMBCLic1nz6ig==",
      "cpu": [
        "x64"
      ],
      "license": "Apache-2.0 AND LGPL-3.0-or-later",
      "optional": true,
      "os": [
        "win32"
      ],
      "engines": {
        "node": "^18.17.0 || ^20.3.0 || >=21.0.0"
      },
      "funding": {
        "url": "https://opencollective.com/libvips"
      }
    },
    "node_modules/@mongodb-js/saslprep": {
      "version": "1.3.2",
      "resolved": "https://registry.npmjs.org/@mongodb-js/saslprep/-/saslprep-1.3.2.tgz",
      "integrity": "sha512-QgA5AySqB27cGTXBFmnpifAi7HxoGUeezwo6p9dI03MuDB6Pp33zgclqVb6oVK3j6I9Vesg0+oojW2XxB59SGg==",
      "license": "MIT",
      "dependencies": {
        "sparse-bitfield": "^3.0.3"
      }
    },
    "node_modules/@neondatabase/serverless": {
      "version": "0.9.5",
      "resolved": "https://registry.npmjs.org/@neondatabase/serverless/-/serverless-0.9.5.tgz",
      "integrity": "sha512-siFas6gItqv6wD/pZnvdu34wEqgG3nSE6zWZdq5j2DEsa+VvX8i/5HXJOo06qrw5axPXn+lGCxeR+NLaSPIXug==",
      "license": "MIT",
      "dependencies": {
        "@types/pg": "8.11.6"
      }
    },
    "node_modules/@next/env": {
      "version": "16.0.1",
      "resolved": "https://registry.npmjs.org/@next/env/-/env-16.0.1.tgz",
      "integrity": "sha512-LFvlK0TG2L3fEOX77OC35KowL8D7DlFF45C0OvKMC4hy8c/md1RC4UMNDlUGJqfCoCS2VWrZ4dSE6OjaX5+8mw==",
      "license": "MIT"
    },
    "node_modules/@next/swc-darwin-arm64": {
      "version": "16.0.1",
      "resolved": "https://registry.npmjs.org/@next/swc-darwin-arm64/-/swc-darwin-arm64-16.0.1.tgz",
      "integrity": "sha512-R0YxRp6/4W7yG1nKbfu41bp3d96a0EalonQXiMe+1H9GTHfKxGNCGFNWUho18avRBPsO8T3RmdWuzmfurlQPbg==",
      "cpu": [
        "arm64"
      ],
      "license": "MIT",
      "optional": true,
      "os": [
        "darwin"
      ],
      "engines": {
        "node": ">= 10"
      }
    },
    "node_modules/@next/swc-darwin-x64": {
      "version": "16.0.1",
      "resolved": "https://registry.npmjs.org/@next/swc-darwin-x64/-/swc-darwin-x64-16.0.1.tgz",
      "integrity": "sha512-kETZBocRux3xITiZtOtVoVvXyQLB7VBxN7L6EPqgI5paZiUlnsgYv4q8diTNYeHmF9EiehydOBo20lTttCbHAg==",
      "cpu": [
        "x64"
      ],
      "license": "MIT",
      "optional": true,
      "os": [
        "darwin"
      ],
      "engines": {
        "node": ">= 10"
      }
    },
    "node_modules/@next/swc-linux-arm64-gnu": {
      "version": "16.0.1",
      "resolved": "https://registry.npmjs.org/@next/swc-linux-arm64-gnu/-/swc-linux-arm64-gnu-16.0.1.tgz",
      "integrity": "sha512-hWg3BtsxQuSKhfe0LunJoqxjO4NEpBmKkE+P2Sroos7yB//OOX3jD5ISP2wv8QdUwtRehMdwYz6VB50mY6hqAg==",
      "cpu": [
        "arm64"
      ],
      "license": "MIT",
      "optional": true,
      "os": [
        "linux"
      ],
      "engines": {
        "node": ">= 10"
      }
    },
    "node_modules/@next/swc-linux-arm64-musl": {
      "version": "16.0.1",
      "resolved": "https://registry.npmjs.org/@next/swc-linux-arm64-musl/-/swc-linux-arm64-musl-16.0.1.tgz",
      "integrity": "sha512-UPnOvYg+fjAhP3b1iQStcYPWeBFRLrugEyK/lDKGk7kLNua8t5/DvDbAEFotfV1YfcOY6bru76qN9qnjLoyHCQ==",
      "cpu": [
        "arm64"
      ],
      "license": "MIT",
      "optional": true,
      "os": [
        "linux"
      ],
      "engines": {
        "node": ">= 10"
      }
    },
    "node_modules/@next/swc-linux-x64-gnu": {
      "version": "16.0.1",
      "resolved": "https://registry.npmjs.org/@next/swc-linux-x64-gnu/-/swc-linux-x64-gnu-16.0.1.tgz",
      "integrity": "sha512-Et81SdWkcRqAJziIgFtsFyJizHoWne4fzJkvjd6V4wEkWTB4MX6J0uByUb0peiJQ4WeAt6GGmMszE5KrXK6WKg==",
      "cpu": [
        "x64"
      ],
      "license": "MIT",
      "optional": true,
      "os": [
        "linux"
      ],
      "engines": {
        "node": ">= 10"
      }
    },
    "node_modules/@next/swc-linux-x64-musl": {
      "version": "16.0.1",
      "resolved": "https://registry.npmjs.org/@next/swc-linux-x64-musl/-/swc-linux-x64-musl-16.0.1.tgz",
      "integrity": "sha512-qBbgYEBRrC1egcG03FZaVfVxrJm8wBl7vr8UFKplnxNRprctdP26xEv9nJ07Ggq4y1adwa0nz2mz83CELY7N6Q==",
      "cpu": [
        "x64"
      ],
      "license": "MIT",
      "optional": true,
      "os": [
        "linux"
      ],
      "engines": {
        "node": ">= 10"
      }
    },
    "node_modules/@next/swc-win32-arm64-msvc": {
      "version": "16.0.1",
      "resolved": "https://registry.npmjs.org/@next/swc-win32-arm64-msvc/-/swc-win32-arm64-msvc-16.0.1.tgz",
      "integrity": "sha512-cPuBjYP6I699/RdbHJonb3BiRNEDm5CKEBuJ6SD8k3oLam2fDRMKAvmrli4QMDgT2ixyRJ0+DTkiODbIQhRkeQ==",
      "cpu": [
        "arm64"
      ],
      "license": "MIT",
      "optional": true,
      "os": [
        "win32"
      ],
      "engines": {
        "node": ">= 10"
      }
    },
    "node_modules/@next/swc-win32-x64-msvc": {
      "version": "16.0.1",
      "resolved": "https://registry.npmjs.org/@next/swc-win32-x64-msvc/-/swc-win32-x64-msvc-16.0.1.tgz",
      "integrity": "sha512-XeEUJsE4JYtfrXe/LaJn3z1pD19fK0Q6Er8Qoufi+HqvdO4LEPyCxLUt4rxA+4RfYo6S9gMlmzCMU2F+AatFqQ==",
      "cpu": [
        "x64"
      ],
      "license": "MIT",
      "optional": true,
      "os": [
        "win32"
      ],
      "engines": {
        "node": ">= 10"
      }
    },
    "node_modules/@panva/hkdf": {
      "version": "1.2.1",
      "resolved": "https://registry.npmjs.org/@panva/hkdf/-/hkdf-1.2.1.tgz",
      "integrity": "sha512-6oclG6Y3PiDFcoyk8srjLfVKyMfVCKJ27JwNPViuXziFpmdz+MZnZN/aKY0JGXgYuO/VghU0jcOAZgWXZ1Dmrw==",
      "license": "MIT",
      "funding": {
        "url": "https://github.com/sponsors/panva"
      }
    },
    "node_modules/@swc/helpers": {
      "version": "0.5.15",
      "resolved": "https://registry.npmjs.org/@swc/helpers/-/helpers-0.5.15.tgz",
      "integrity": "sha512-JQ5TuMi45Owi4/BIMAJBoSQoOJu12oOk/gADqlcUL9JEdHB8vyjUSsxqeNXnmXHjYKMi2WcYtezGEEhqUI/E2g==",
      "license": "Apache-2.0",
      "dependencies": {
        "tslib": "^2.8.0"
      }
    },
    "node_modules/@types/bcryptjs": {
      "version": "2.4.6",
      "resolved": "https://registry.npmjs.org/@types/bcryptjs/-/bcryptjs-2.4.6.tgz",
      "integrity": "sha512-9xlo6R2qDs5uixm0bcIqCeMCE6HiQsIyel9KQySStiyqNl2tnj2mP3DX1Nf56MD6KMenNNlBBsy3LJ7gUEQPXQ==",
      "dev": true,
      "license": "MIT"
    },
    "node_modules/@types/node": {
      "version": "20.19.24",
      "resolved": "https://registry.npmjs.org/@types/node/-/node-20.19.24.tgz",
      "integrity": "sha512-FE5u0ezmi6y9OZEzlJfg37mqqf6ZDSF2V/NLjUyGrR9uTZ7Sb9F7bLNZ03S4XVUNRWGA7Ck4c1kK+YnuWjl+DA==",
      "license": "MIT",
      "dependencies": {
        "undici-types": "~6.21.0"
      }
    },
    "node_modules/@types/pg": {
      "version": "8.11.6",
      "resolved": "https://registry.npmjs.org/@types/pg/-/pg-8.11.6.tgz",
      "integrity": "sha512-/2WmmBXHLsfRqzfHW7BNZ8SbYzE8OSk7i3WjFYvfgRHj7S1xj+16Je5fUKv3lVdVzk/zn9TXOqf+avFCFIE0yQ==",
      "license": "MIT",
      "dependencies": {
        "@types/node": "*",
        "pg-protocol": "*",
        "pg-types": "^4.0.1"
      }
    },
    "node_modules/@types/react": {
      "version": "19.2.2",
      "resolved": "https://registry.npmjs.org/@types/react/-/react-19.2.2.tgz",
      "integrity": "sha512-6mDvHUFSjyT2B2yeNx2nUgMxh9LtOWvkhIU3uePn2I2oyNymUAX1NIsdgviM4CH+JSrp2D2hsMvJOkxY+0wNRA==",
      "dev": true,
      "license": "MIT",
      "dependencies": {
        "csstype": "^3.0.2"
      }
    },
    "node_modules/@types/react-dom": {
      "version": "19.2.2",
      "resolved": "https://registry.npmjs.org/@types/react-dom/-/react-dom-19.2.2.tgz",
      "integrity": "sha512-9KQPoO6mZCi7jcIStSnlOWn2nEF3mNmyr3rIAsGnAbQKYbRLyqmeSc39EVgtxXVia+LMT8j3knZLAZAh+xLmrw==",
      "dev": true,
      "license": "MIT",
      "peerDependencies": {
        "@types/react": "^19.2.0"
      }
    },
    "node_modules/@types/webidl-conversions": {
      "version": "7.0.3",
      "resolved": "https://registry.npmjs.org/@types/webidl-conversions/-/webidl-conversions-7.0.3.tgz",
      "integrity": "sha512-CiJJvcRtIgzadHCYXw7dqEnMNRjhGZlYK05Mj9OyktqV8uVT8fD2BFOB7S1uwBE3Kj2Z+4UyPmFw/Ixgw/LAlA==",
      "license": "MIT"
    },
    "node_modules/@types/whatwg-url": {
      "version": "13.0.0",
      "resolved": "https://registry.npmjs.org/@types/whatwg-url/-/whatwg-url-13.0.0.tgz",
      "integrity": "sha512-N8WXpbE6Wgri7KUSvrmQcqrMllKZ9uxkYWMt+mCSGwNc0Hsw9VQTW7ApqI4XNrx6/SaM2QQJCzMPDEXE058s+Q==",
      "license": "MIT",
      "dependencies": {
        "@types/webidl-conversions": "*"
      }
    },
    "node_modules/@vercel/postgres": {
      "version": "0.10.0",
      "resolved": "https://registry.npmjs.org/@vercel/postgres/-/postgres-0.10.0.tgz",
      "integrity": "sha512-fSD23DxGND40IzSkXjcFcxr53t3Tiym59Is0jSYIFpG4/0f0KO9SGtcp1sXiebvPaGe7N/tU05cH4yt2S6/IPg==",
      "license": "Apache-2.0",
      "dependencies": {
        "@neondatabase/serverless": "^0.9.3",
        "bufferutil": "^4.0.8",
        "ws": "^8.17.1"
      },
      "engines": {
        "node": ">=18.14"
      }
    },
    "node_modules/bcrypt": {
      "version": "6.0.0",
      "resolved": "https://registry.npmjs.org/bcrypt/-/bcrypt-6.0.0.tgz",
      "integrity": "sha512-cU8v/EGSrnH+HnxV2z0J7/blxH8gq7Xh2JFT6Aroax7UohdmiJJlxApMxtKfuI7z68NvvVcmR78k2LbT6efhRg==",
      "hasInstallScript": true,
      "license": "MIT",
      "dependencies": {
        "node-addon-api": "^8.3.0",
        "node-gyp-build": "^4.8.4"
      },
      "engines": {
        "node": ">= 18"
      }
    },
    "node_modules/bcryptjs": {
      "version": "3.0.3",
      "resolved": "https://registry.npmjs.org/bcryptjs/-/bcryptjs-3.0.3.tgz",
      "integrity": "sha512-GlF5wPWnSa/X5LKM1o0wz0suXIINz1iHRLvTS+sLyi7XPbe5ycmYI3DlZqVGZZtDgl4DmasFg7gOB3JYbphV5g==",
      "license": "BSD-3-Clause",
      "bin": {
        "bcrypt": "bin/bcrypt"
      }
    },
    "node_modules/bson": {
      "version": "7.0.0",
      "resolved": "https://registry.npmjs.org/bson/-/bson-7.0.0.tgz",
      "integrity": "sha512-Kwc6Wh4lQ5OmkqqKhYGKIuELXl+EPYSCObVE6bWsp1T/cGkOCBN0I8wF/T44BiuhHyNi1mmKVPXk60d41xZ7kw==",
      "license": "Apache-2.0",
      "engines": {
        "node": ">=20.19.0"
      }
    },
    "node_modules/bufferutil": {
      "version": "4.0.9",
      "resolved": "https://registry.npmjs.org/bufferutil/-/bufferutil-4.0.9.tgz",
      "integrity": "sha512-WDtdLmJvAuNNPzByAYpRo2rF1Mmradw6gvWsQKf63476DDXmomT9zUiGypLcG4ibIM67vhAj8jJRdbmEws2Aqw==",
      "hasInstallScript": true,
      "license": "MIT",
      "dependencies": {
        "node-gyp-build": "^4.3.0"
      },
      "engines": {
        "node": ">=6.14.2"
      }
    },
    "node_modules/caniuse-lite": {
      "version": "1.0.30001751",
      "resolved": "https://registry.npmjs.org/caniuse-lite/-/caniuse-lite-1.0.30001751.tgz",
      "integrity": "sha512-A0QJhug0Ly64Ii3eIqHu5X51ebln3k4yTUkY1j8drqpWHVreg/VLijN48cZ1bYPiqOQuqpkIKnzr/Ul8V+p6Cw==",
      "funding": [
        {
          "type": "opencollective",
          "url": "https://opencollective.com/browserslist"
        },
        {
          "type": "tidelift",
          "url": "https://tidelift.com/funding/github/npm/caniuse-lite"
        },
        {
          "type": "github",
          "url": "https://github.com/sponsors/ai"
        }
      ],
      "license": "CC-BY-4.0"
    },
    "node_modules/client-only": {
      "version": "0.0.1",
      "resolved": "https://registry.npmjs.org/client-only/-/client-only-0.0.1.tgz",
      "integrity": "sha512-IV3Ou0jSMzZrd3pZ48nLkT9DA7Ag1pnPzaiQhpW7c3RbcqqzvzzVu+L8gfqMp/8IM2MQtSiqaCxrrcfu8I8rMA==",
      "license": "MIT"
    },
    "node_modules/csstype": {
      "version": "3.1.3",
      "resolved": "https://registry.npmjs.org/csstype/-/csstype-3.1.3.tgz",
      "integrity": "sha512-M1uQkMl8rQK/szD0LNhtqxIPLpimGm8sOBwU7lLnCpSbTyY3yeU1Vc7l4KT5zT4s/yOxHH5O7tIuuLOCnLADRw==",
      "dev": true,
      "license": "MIT"
    },
    "node_modules/detect-libc": {
      "version": "2.1.2",
      "resolved": "https://registry.npmjs.org/detect-libc/-/detect-libc-2.1.2.tgz",
      "integrity": "sha512-Btj2BOOO83o3WyH59e8MgXsxEQVcarkUOpEYrubB0urwnN10yQ364rsiByU11nZlqWYZm05i/of7io4mzihBtQ==",
      "license": "Apache-2.0",
      "optional": true,
      "engines": {
        "node": ">=8"
      }
    },
    "node_modules/dotenv": {
      "version": "17.2.3",
      "resolved": "https://registry.npmjs.org/dotenv/-/dotenv-17.2.3.tgz",
      "integrity": "sha512-JVUnt+DUIzu87TABbhPmNfVdBDt18BLOWjMUFJMSi/Qqg7NTYtabbvSNJGOJ7afbRuv9D/lngizHtP7QyLQ+9w==",
      "license": "BSD-2-Clause",
      "engines": {
        "node": ">=12"
      },
      "funding": {
        "url": "https://dotenvx.com"
      }
    },
    "node_modules/jose": {
      "version": "6.1.0",
      "resolved": "https://registry.npmjs.org/jose/-/jose-6.1.0.tgz",
      "integrity": "sha512-TTQJyoEoKcC1lscpVDCSsVgYzUDg/0Bt3WE//WiTPK6uOCQC2KZS4MpugbMWt/zyjkopgZoXhZuCi00gLudfUA==",
      "license": "MIT",
      "funding": {
        "url": "https://github.com/sponsors/panva"
      }
    },
    "node_modules/memory-pager": {
      "version": "1.5.0",
      "resolved": "https://registry.npmjs.org/memory-pager/-/memory-pager-1.5.0.tgz",
      "integrity": "sha512-ZS4Bp4r/Zoeq6+NLJpP+0Zzm0pR8whtGPf1XExKLJBAczGMnSi3It14OiNCStjQjM6NU1okjQGSxgEZN8eBYKg==",
      "license": "MIT"
    },
    "node_modules/mongodb": {
      "version": "7.0.0",
      "resolved": "https://registry.npmjs.org/mongodb/-/mongodb-7.0.0.tgz",
      "integrity": "sha512-vG/A5cQrvGGvZm2mTnCSz1LUcbOPl83hfB6bxULKQ8oFZauyox/2xbZOoGNl+64m8VBrETkdGCDBdOsCr3F3jg==",
      "license": "Apache-2.0",
      "dependencies": {
        "@mongodb-js/saslprep": "^1.3.0",
        "bson": "^7.0.0",
        "mongodb-connection-string-url": "^7.0.0"
      },
      "engines": {
        "node": ">=20.19.0"
      },
      "peerDependencies": {
        "@aws-sdk/credential-providers": "^3.806.0",
        "@mongodb-js/zstd": "^7.0.0",
        "gcp-metadata": "^7.0.1",
        "kerberos": "^7.0.0",
        "mongodb-client-encryption": ">=7.0.0 <7.1.0",
        "snappy": "^7.3.2",
        "socks": "^2.8.6"
      },
      "peerDependenciesMeta": {
        "@aws-sdk/credential-providers": {
          "optional": true
        },
        "@mongodb-js/zstd": {
          "optional": true
        },
        "gcp-metadata": {
          "optional": true
        },
        "kerberos": {
          "optional": true
        },
        "mongodb-client-encryption": {
          "optional": true
        },
        "snappy": {
          "optional": true
        },
        "socks": {
          "optional": true
        }
      }
    },
    "node_modules/mongodb-connection-string-url": {
      "version": "7.0.0",
      "resolved": "https://registry.npmjs.org/mongodb-connection-string-url/-/mongodb-connection-string-url-7.0.0.tgz",
      "integrity": "sha512-irhhjRVLE20hbkRl4zpAYLnDMM+zIZnp0IDB9akAFFUZp/3XdOfwwddc7y6cNvF2WCEtfTYRwYbIfYa2kVY0og==",
      "license": "Apache-2.0",
      "dependencies": {
        "@types/whatwg-url": "^13.0.0",
        "whatwg-url": "^14.1.0"
      },
      "engines": {
        "node": ">=20.19.0"
      }
    },
    "node_modules/nanoid": {
      "version": "3.3.11",
      "resolved": "https://registry.npmjs.org/nanoid/-/nanoid-3.3.11.tgz",
      "integrity": "sha512-N8SpfPUnUp1bK+PMYW8qSWdl9U+wwNWI4QKxOYDy9JAro3WMX7p2OeVRF9v+347pnakNevPmiHhNmZ2HbFA76w==",
      "funding": [
        {
          "type": "github",
          "url": "https://github.com/sponsors/ai"
        }
      ],
      "license": "MIT",
      "bin": {
        "nanoid": "bin/nanoid.cjs"
      },
      "engines": {
        "node": "^10 || ^12 || ^13.7 || ^14 || >=15.0.1"
      }
    },
    "node_modules/next": {
      "version": "16.0.1",
      "resolved": "https://registry.npmjs.org/next/-/next-16.0.1.tgz",
      "integrity": "sha512-e9RLSssZwd35p7/vOa+hoDFggUZIUbZhIUSLZuETCwrCVvxOs87NamoUzT+vbcNAL8Ld9GobBnWOA6SbV/arOw==",
      "license": "MIT",
      "dependencies": {
        "@next/env": "16.0.1",
        "@swc/helpers": "0.5.15",
        "caniuse-lite": "^1.0.30001579",
        "postcss": "8.4.31",
        "styled-jsx": "5.1.6"
      },
      "bin": {
        "next": "dist/bin/next"
      },
      "engines": {
        "node": ">=20.9.0"
      },
      "optionalDependencies": {
        "@next/swc-darwin-arm64": "16.0.1",
        "@next/swc-darwin-x64": "16.0.1",
        "@next/swc-linux-arm64-gnu": "16.0.1",
        "@next/swc-linux-arm64-musl": "16.0.1",
        "@next/swc-linux-x64-gnu": "16.0.1",
        "@next/swc-linux-x64-musl": "16.0.1",
        "@next/swc-win32-arm64-msvc": "16.0.1",
        "@next/swc-win32-x64-msvc": "16.0.1",
        "sharp": "^0.34.4"
      },
      "peerDependencies": {
        "@opentelemetry/api": "^1.1.0",
        "@playwright/test": "^1.51.1",
        "babel-plugin-react-compiler": "*",
        "react": "^18.2.0 || 19.0.0-rc-de68d2f4-20241204 || ^19.0.0",
        "react-dom": "^18.2.0 || 19.0.0-rc-de68d2f4-20241204 || ^19.0.0",
        "sass": "^1.3.0"
      },
      "peerDependenciesMeta": {
        "@opentelemetry/api": {
          "optional": true
        },
        "@playwright/test": {
          "optional": true
        },
        "babel-plugin-react-compiler": {
          "optional": true
        },
        "sass": {
          "optional": true
        }
      }
    },
    "node_modules/next-auth": {
      "version": "5.0.0-beta.30",
      "resolved": "https://registry.npmjs.org/next-auth/-/next-auth-5.0.0-beta.30.tgz",
      "integrity": "sha512-+c51gquM3F6nMVmoAusRJ7RIoY0K4Ts9HCCwyy/BRoe4mp3msZpOzYMyb5LAYc1wSo74PMQkGDcaghIO7W6Xjg==",
      "license": "ISC",
      "dependencies": {
        "@auth/core": "0.41.0"
      },
      "peerDependencies": {
        "@simplewebauthn/browser": "^9.0.1",
        "@simplewebauthn/server": "^9.0.2",
        "next": "^14.0.0-0 || ^15.0.0 || ^16.0.0",
        "nodemailer": "^7.0.7",
        "react": "^18.2.0 || ^19.0.0"
      },
      "peerDependenciesMeta": {
        "@simplewebauthn/browser": {
          "optional": true
        },
        "@simplewebauthn/server": {
          "optional": true
        },
        "nodemailer": {
          "optional": true
        }
      }
    },
    "node_modules/node-addon-api": {
      "version": "8.5.0",
      "resolved": "https://registry.npmjs.org/node-addon-api/-/node-addon-api-8.5.0.tgz",
      "integrity": "sha512-/bRZty2mXUIFY/xU5HLvveNHlswNJej+RnxBjOMkidWfwZzgTbPG1E3K5TOxRLOR+5hX7bSofy8yf1hZevMS8A==",
      "license": "MIT",
      "engines": {
        "node": "^18 || ^20 || >= 21"
      }
    },
    "node_modules/node-gyp-build": {
      "version": "4.8.4",
      "resolved": "https://registry.npmjs.org/node-gyp-build/-/node-gyp-build-4.8.4.tgz",
      "integrity": "sha512-LA4ZjwlnUblHVgq0oBF3Jl/6h/Nvs5fzBLwdEF4nuxnFdsfajde4WfxtJr3CaiH+F6ewcIB/q4jQ4UzPyid+CQ==",
      "license": "MIT",
      "bin": {
        "node-gyp-build": "bin.js",
        "node-gyp-build-optional": "optional.js",
        "node-gyp-build-test": "build-test.js"
      }
    },
    "node_modules/oauth4webapi": {
      "version": "3.8.2",
      "resolved": "https://registry.npmjs.org/oauth4webapi/-/oauth4webapi-3.8.2.tgz",
      "integrity": "sha512-FzZZ+bht5X0FKe7Mwz3DAVAmlH1BV5blSak/lHMBKz0/EBMhX6B10GlQYI51+oRp8ObJaX0g6pXrAxZh5s8rjw==",
      "license": "MIT",
      "funding": {
        "url": "https://github.com/sponsors/panva"
      }
    },
    "node_modules/obuf": {
      "version": "1.1.2",
      "resolved": "https://registry.npmjs.org/obuf/-/obuf-1.1.2.tgz",
      "integrity": "sha512-PX1wu0AmAdPqOL1mWhqmlOd8kOIZQwGZw6rh7uby9fTc5lhaOWFLX3I6R1hrF9k3zUY40e6igsLGkDXK92LJNg==",
      "license": "MIT"
    },
    "node_modules/pg-int8": {
      "version": "1.0.1",
      "resolved": "https://registry.npmjs.org/pg-int8/-/pg-int8-1.0.1.tgz",
      "integrity": "sha512-WCtabS6t3c8SkpDBUlb1kjOs7l66xsGdKpIPZsg4wR+B3+u9UAum2odSsF9tnvxg80h4ZxLWMy4pRjOsFIqQpw==",
      "license": "ISC",
      "engines": {
        "node": ">=4.0.0"
      }
    },
    "node_modules/pg-numeric": {
      "version": "1.0.2",
      "resolved": "https://registry.npmjs.org/pg-numeric/-/pg-numeric-1.0.2.tgz",
      "integrity": "sha512-BM/Thnrw5jm2kKLE5uJkXqqExRUY/toLHda65XgFTBTFYZyopbKjBe29Ii3RbkvlsMoFwD+tHeGaCjjv0gHlyw==",
      "license": "ISC",
      "engines": {
        "node": ">=4"
      }
    },
    "node_modules/pg-protocol": {
      "version": "1.10.3",
      "resolved": "https://registry.npmjs.org/pg-protocol/-/pg-protocol-1.10.3.tgz",
      "integrity": "sha512-6DIBgBQaTKDJyxnXaLiLR8wBpQQcGWuAESkRBX/t6OwA8YsqP+iVSiond2EDy6Y/dsGk8rh/jtax3js5NeV7JQ==",
      "license": "MIT"
    },
    "node_modules/pg-types": {
      "version": "4.1.0",
      "resolved": "https://registry.npmjs.org/pg-types/-/pg-types-4.1.0.tgz",
      "integrity": "sha512-o2XFanIMy/3+mThw69O8d4n1E5zsLhdO+OPqswezu7Z5ekP4hYDqlDjlmOpYMbzY2Br0ufCwJLdDIXeNVwcWFg==",
      "license": "MIT",
      "dependencies": {
        "pg-int8": "1.0.1",
        "pg-numeric": "1.0.2",
        "postgres-array": "~3.0.1",
        "postgres-bytea": "~3.0.0",
        "postgres-date": "~2.1.0",
        "postgres-interval": "^3.0.0",
        "postgres-range": "^1.1.1"
      },
      "engines": {
        "node": ">=10"
      }
    },
    "node_modules/picocolors": {
      "version": "1.1.1",
      "resolved": "https://registry.npmjs.org/picocolors/-/picocolors-1.1.1.tgz",
      "integrity": "sha512-xceH2snhtb5M9liqDsmEw56le376mTZkEX/jEb/RxNFyegNul7eNslCXP9FDj/Lcu0X8KEyMceP2ntpaHrDEVA==",
      "license": "ISC"
    },
    "node_modules/postcss": {
      "version": "8.4.31",
      "resolved": "https://registry.npmjs.org/postcss/-/postcss-8.4.31.tgz",
      "integrity": "sha512-PS08Iboia9mts/2ygV3eLpY5ghnUcfLV/EXTOW1E2qYxJKGGBUtNjN76FYHnMs36RmARn41bC0AZmn+rR0OVpQ==",
      "funding": [
        {
          "type": "opencollective",
          "url": "https://opencollective.com/postcss/"
        },
        {
          "type": "tidelift",
          "url": "https://tidelift.com/funding/github/npm/postcss"
        },
        {
          "type": "github",
          "url": "https://github.com/sponsors/ai"
        }
      ],
      "license": "MIT",
      "dependencies": {
        "nanoid": "^3.3.6",
        "picocolors": "^1.0.0",
        "source-map-js": "^1.0.2"
      },
      "engines": {
        "node": "^10 || ^12 || >=14"
      }
    },
    "node_modules/postgres-array": {
      "version": "3.0.4",
      "resolved": "https://registry.npmjs.org/postgres-array/-/postgres-array-3.0.4.tgz",
      "integrity": "sha512-nAUSGfSDGOaOAEGwqsRY27GPOea7CNipJPOA7lPbdEpx5Kg3qzdP0AaWC5MlhTWV9s4hFX39nomVZ+C4tnGOJQ==",
      "license": "MIT",
      "engines": {
        "node": ">=12"
      }
    },
    "node_modules/postgres-bytea": {
      "version": "3.0.0",
      "resolved": "https://registry.npmjs.org/postgres-bytea/-/postgres-bytea-3.0.0.tgz",
      "integrity": "sha512-CNd4jim9RFPkObHSjVHlVrxoVQXz7quwNFpz7RY1okNNme49+sVyiTvTRobiLV548Hx/hb1BG+iE7h9493WzFw==",
      "license": "MIT",
      "dependencies": {
        "obuf": "~1.1.2"
      },
      "engines": {
        "node": ">= 6"
      }
    },
    "node_modules/postgres-date": {
      "version": "2.1.0",
      "resolved": "https://registry.npmjs.org/postgres-date/-/postgres-date-2.1.0.tgz",
      "integrity": "sha512-K7Juri8gtgXVcDfZttFKVmhglp7epKb1K4pgrkLxehjqkrgPhfG6OO8LHLkfaqkbpjNRnra018XwAr1yQFWGcA==",
      "license": "MIT",
      "engines": {
        "node": ">=12"
      }
    },
    "node_modules/postgres-interval": {
      "version": "3.0.0",
      "resolved": "https://registry.npmjs.org/postgres-interval/-/postgres-interval-3.0.0.tgz",
      "integrity": "sha512-BSNDnbyZCXSxgA+1f5UU2GmwhoI0aU5yMxRGO8CdFEcY2BQF9xm/7MqKnYoM1nJDk8nONNWDk9WeSmePFhQdlw==",
      "license": "MIT",
      "engines": {
        "node": ">=12"
      }
    },
    "node_modules/postgres-range": {
      "version": "1.1.4",
      "resolved": "https://registry.npmjs.org/postgres-range/-/postgres-range-1.1.4.tgz",
      "integrity": "sha512-i/hbxIE9803Alj/6ytL7UHQxRvZkI9O4Sy+J3HGc4F4oo/2eQAjTSNJ0bfxyse3bH0nuVesCk+3IRLaMtG3H6w==",
      "license": "MIT"
    },
    "node_modules/preact": {
      "version": "10.24.3",
      "resolved": "https://registry.npmjs.org/preact/-/preact-10.24.3.tgz",
      "integrity": "sha512-Z2dPnBnMUfyQfSQ+GBdsGa16hz35YmLmtTLhM169uW944hYL6xzTYkJjC07j+Wosz733pMWx0fgON3JNw1jJQA==",
      "license": "MIT",
      "funding": {
        "type": "opencollective",
        "url": "https://opencollective.com/preact"
      }
    },
    "node_modules/preact-render-to-string": {
      "version": "6.5.11",
      "resolved": "https://registry.npmjs.org/preact-render-to-string/-/preact-render-to-string-6.5.11.tgz",
      "integrity": "sha512-ubnauqoGczeGISiOh6RjX0/cdaF8v/oDXIjO85XALCQjwQP+SB4RDXXtvZ6yTYSjG+PC1QRP2AhPgCEsM2EvUw==",
      "license": "MIT",
      "peerDependencies": {
        "preact": ">=10"
      }
    },
    "node_modules/punycode": {
      "version": "2.3.1",
      "resolved": "https://registry.npmjs.org/punycode/-/punycode-2.3.1.tgz",
      "integrity": "sha512-vYt7UD1U9Wg6138shLtLOvdAu+8DsC/ilFtEVHcH+wydcSpNE20AfSOduf6MkRFahL5FY7X1oU7nKVZFtfq8Fg==",
      "license": "MIT",
      "engines": {
        "node": ">=6"
      }
    },
    "node_modules/react": {
      "version": "19.2.0",
      "resolved": "https://registry.npmjs.org/react/-/react-19.2.0.tgz",
      "integrity": "sha512-tmbWg6W31tQLeB5cdIBOicJDJRR2KzXsV7uSK9iNfLWQ5bIZfxuPEHp7M8wiHyHnn0DD1i7w3Zmin0FtkrwoCQ==",
      "license": "MIT",
      "engines": {
        "node": ">=0.10.0"
      }
    },
    "node_modules/react-dom": {
      "version": "19.2.0",
      "resolved": "https://registry.npmjs.org/react-dom/-/react-dom-19.2.0.tgz",
      "integrity": "sha512-UlbRu4cAiGaIewkPyiRGJk0imDN2T3JjieT6spoL2UeSf5od4n5LB/mQ4ejmxhCFT1tYe8IvaFulzynWovsEFQ==",
      "license": "MIT",
      "dependencies": {
        "scheduler": "^0.27.0"
      },
      "peerDependencies": {
        "react": "^19.2.0"
      }
    },
    "node_modules/scheduler": {
      "version": "0.27.0",
      "resolved": "https://registry.npmjs.org/scheduler/-/scheduler-0.27.0.tgz",
      "integrity": "sha512-eNv+WrVbKu1f3vbYJT/xtiF5syA5HPIMtf9IgY/nKg0sWqzAUEvqY/xm7OcZc/qafLx/iO9FgOmeSAp4v5ti/Q==",
      "license": "MIT"
    },
    "node_modules/semver": {
      "version": "7.7.3",
      "resolved": "https://registry.npmjs.org/semver/-/semver-7.7.3.tgz",
      "integrity": "sha512-SdsKMrI9TdgjdweUSR9MweHA4EJ8YxHn8DFaDisvhVlUOe4BF1tLD7GAj0lIqWVl+dPb/rExr0Btby5loQm20Q==",
      "license": "ISC",
      "optional": true,
      "bin": {
        "semver": "bin/semver.js"
      },
      "engines": {
        "node": ">=10"
      }
    },
    "node_modules/sharp": {
      "version": "0.34.4",
      "resolved": "https://registry.npmjs.org/sharp/-/sharp-0.34.4.tgz",
      "integrity": "sha512-FUH39xp3SBPnxWvd5iib1X8XY7J0K0X7d93sie9CJg2PO8/7gmg89Nve6OjItK53/MlAushNNxteBYfM6DEuoA==",
      "hasInstallScript": true,
      "license": "Apache-2.0",
      "optional": true,
      "dependencies": {
        "@img/colour": "^1.0.0",
        "detect-libc": "^2.1.0",
        "semver": "^7.7.2"
      },
      "engines": {
        "node": "^18.17.0 || ^20.3.0 || >=21.0.0"
      },
      "funding": {
        "url": "https://opencollective.com/libvips"
      },
      "optionalDependencies": {
        "@img/sharp-darwin-arm64": "0.34.4",
        "@img/sharp-darwin-x64": "0.34.4",
        "@img/sharp-libvips-darwin-arm64": "1.2.3",
        "@img/sharp-libvips-darwin-x64": "1.2.3",
        "@img/sharp-libvips-linux-arm": "1.2.3",
        "@img/sharp-libvips-linux-arm64": "1.2.3",
        "@img/sharp-libvips-linux-ppc64": "1.2.3",
        "@img/sharp-libvips-linux-s390x": "1.2.3",
        "@img/sharp-libvips-linux-x64": "1.2.3",
        "@img/sharp-libvips-linuxmusl-arm64": "1.2.3",
        "@img/sharp-libvips-linuxmusl-x64": "1.2.3",
        "@img/sharp-linux-arm": "0.34.4",
        "@img/sharp-linux-arm64": "0.34.4",
        "@img/sharp-linux-ppc64": "0.34.4",
        "@img/sharp-linux-s390x": "0.34.4",
        "@img/sharp-linux-x64": "0.34.4",
        "@img/sharp-linuxmusl-arm64": "0.34.4",
        "@img/sharp-linuxmusl-x64": "0.34.4",
        "@img/sharp-wasm32": "0.34.4",
        "@img/sharp-win32-arm64": "0.34.4",
        "@img/sharp-win32-ia32": "0.34.4",
        "@img/sharp-win32-x64": "0.34.4"
      }
    },
    "node_modules/source-map-js": {
      "version": "1.2.1",
      "resolved": "https://registry.npmjs.org/source-map-js/-/source-map-js-1.2.1.tgz",
      "integrity": "sha512-UXWMKhLOwVKb728IUtQPXxfYU+usdybtUrK/8uGE8CQMvrhOpwvzDBwj0QhSL7MQc7vIsISBG8VQ8+IDQxpfQA==",
      "license": "BSD-3-Clause",
      "engines": {
        "node": ">=0.10.0"
      }
    },
    "node_modules/sparse-bitfield": {
      "version": "3.0.3",
      "resolved": "https://registry.npmjs.org/sparse-bitfield/-/sparse-bitfield-3.0.3.tgz",
      "integrity": "sha512-kvzhi7vqKTfkh0PZU+2D2PIllw2ymqJKujUcyPMd9Y75Nv4nPbGJZXNhxsgdQab2BmlDct1YnfQCguEvHr7VsQ==",
      "license": "MIT",
      "dependencies": {
        "memory-pager": "^1.0.2"
      }
    },
    "node_modules/styled-jsx": {
      "version": "5.1.6",
      "resolved": "https://registry.npmjs.org/styled-jsx/-/styled-jsx-5.1.6.tgz",
      "integrity": "sha512-qSVyDTeMotdvQYoHWLNGwRFJHC+i+ZvdBRYosOFgC+Wg1vx4frN2/RG/NA7SYqqvKNLf39P2LSRA2pu6n0XYZA==",
      "license": "MIT",
      "dependencies": {
        "client-only": "0.0.1"
      },
      "engines": {
        "node": ">= 12.0.0"
      },
      "peerDependencies": {
        "react": ">= 16.8.0 || 17.x.x || ^18.0.0-0 || ^19.0.0-0"
      },
      "peerDependenciesMeta": {
        "@babel/core": {
          "optional": true
        },
        "babel-plugin-macros": {
          "optional": true
        }
      }
    },
    "node_modules/tr46": {
      "version": "5.1.1",
      "resolved": "https://registry.npmjs.org/tr46/-/tr46-5.1.1.tgz",
      "integrity": "sha512-hdF5ZgjTqgAntKkklYw0R03MG2x/bSzTtkxmIRw/sTNV8YXsCJ1tfLAX23lhxhHJlEf3CRCOCGGWw3vI3GaSPw==",
      "license": "MIT",
      "dependencies": {
        "punycode": "^2.3.1"
      },
      "engines": {
        "node": ">=18"
      }
    },
    "node_modules/tslib": {
      "version": "2.8.1",
      "resolved": "https://registry.npmjs.org/tslib/-/tslib-2.8.1.tgz",
      "integrity": "sha512-oJFu94HQb+KVduSUQL7wnpmqnfmLsOA/nAh6b6EH0wCEoK0/mPeXU6c3wKDV83MkOuHPRHtSXKKU99IBazS/2w==",
      "license": "0BSD"
    },
    "node_modules/typescript": {
      "version": "5.9.3",
      "resolved": "https://registry.npmjs.org/typescript/-/typescript-5.9.3.tgz",
      "integrity": "sha512-jl1vZzPDinLr9eUt3J/t7V6FgNEw9QjvBPdysz9KfQDD41fQrC2Y4vKQdiaUpFT4bXlb1RHhLpp8wtm6M5TgSw==",
      "dev": true,
      "license": "Apache-2.0",
      "bin": {
        "tsc": "bin/tsc",
        "tsserver": "bin/tsserver"
      },
      "engines": {
        "node": ">=14.17"
      }
    },
    "node_modules/undici-types": {
      "version": "6.21.0",
      "resolved": "https://registry.npmjs.org/undici-types/-/undici-types-6.21.0.tgz",
      "integrity": "sha512-iwDZqg0QAGrg9Rav5H4n0M64c3mkR59cJ6wQp+7C4nI0gsmExaedaYLNO44eT4AtBBwjbTiGPMlt2Md0T9H9JQ==",
      "license": "MIT"
    },
    "node_modules/webidl-conversions": {
      "version": "7.0.0",
      "resolved": "https://registry.npmjs.org/webidl-conversions/-/webidl-conversions-7.0.0.tgz",
      "integrity": "sha512-VwddBukDzu71offAQR975unBIGqfKZpM+8ZX6ySk8nYhVoo5CYaZyzt3YBvYtRtO+aoGlqxPg/B87NGVZ/fu6g==",
      "license": "BSD-2-Clause",
      "engines": {
        "node": ">=12"
      }
    },
    "node_modules/whatwg-url": {
      "version": "14.2.0",
      "resolved": "https://registry.npmjs.org/whatwg-url/-/whatwg-url-14.2.0.tgz",
      "integrity": "sha512-De72GdQZzNTUBBChsXueQUnPKDkg/5A5zp7pFDuQAj5UFoENpiACU0wlCvzpAGnTkj++ihpKwKyYewn/XNUbKw==",
      "license": "MIT",
      "dependencies": {
        "tr46": "^5.1.0",
        "webidl-conversions": "^7.0.0"
      },
      "engines": {
        "node": ">=18"
      }
    },
    "node_modules/ws": {
      "version": "8.18.3",
      "resolved": "https://registry.npmjs.org/ws/-/ws-8.18.3.tgz",
      "integrity": "sha512-PEIGCY5tSlUt50cqyMXfCzX+oOPqN0vuGqWzbcJ2xvnkzkq46oOpz7dQaTDBdfICb4N14+GARUDw2XV2N4tvzg==",
      "license": "MIT",
      "engines": {
        "node": ">=10.0.0"
      },
      "peerDependencies": {
        "bufferutil": "^4.0.1",
        "utf-8-validate": ">=5.0.2"
      },
      "peerDependenciesMeta": {
        "bufferutil": {
          "optional": true
        },
        "utf-8-validate": {
          "optional": true
        }
      }
    }
  }
}
